<?xml version="1.0" encoding="utf-8"?>
<Project ToolsVersion="4.0" xmlns="http://schemas.microsoft.com/developer/msbuild/2003">
  <ItemGroup>
    <ClCompile Include="AIComponent.cpp" />
    <ClCompile Include="Component.cpp" />
    <ClCompile Include="ControllerComponent.cpp" />
    <ClCompile Include="Entity.cpp" />
    <ClCompile Include="Game.cpp" />
    <ClCompile Include="GraphicsComponent.cpp" />
    <ClCompile Include="InputComponent.cpp" />
    <ClCompile Include="PhysicsComponent.cpp" />
    <ClCompile Include="Player.cpp" />
    <ClCompile Include="stdafx.cpp" />
    <ClCompile Include="BulletManager.cpp" />
    <ClCompile Include="ShootingComponent.cpp" />
    <ClCompile Include="ShootMessage.cpp" />
    <ClCompile Include="BulletMessage.cpp" />
  </ItemGroup>
  <ItemGroup>
    <ClInclude Include="AIComponent.h" />
    <ClInclude Include="Component.h" />
    <ClInclude Include="ComponentEnums.h" />
    <ClInclude Include="Constants.h" />
    <ClInclude Include="ControllerComponent.h" />
    <ClInclude Include="Entity.h" />
    <ClInclude Include="Game.h" />
    <ClInclude Include="GraphicsComponent.h" />
    <ClInclude Include="InputComponent.h" />
    <ClInclude Include="PhysicsComponent.h" />
    <ClInclude Include="Player.h" />
    <ClInclude Include="stdafx.h" />
    <ClInclude Include="BulletManager.h" />
    <ClInclude Include="RefreshOrientationMessage.h" />
    <ClInclude Include="ShootingComponent.h" />
    <ClInclude Include="ShootMessage.h" />
    <ClInclude Include="BulletMessage.h" />
    <ClInclude Include="BulletEnums.h" />
  </ItemGroup>
</Project>